
Microsoft Visual Studio Solution File, Format Version 12.00
# Visual Studio 2013
VisualStudioVersion = 12.0.31101.0
MinimumVisualStudioVersion = 10.0.40219.1
Project("{FAE04EC0-301F-11D3-BF4B-00C04F79EFBC}") = "quant-core-algo", "quant-core-algo\quant-core-algo.csproj", "{AB8B7165-924C-49E1-96F9-2E66C4AF32EE}"
EndProject
Project("{FAE04EC0-301F-11D3-BF4B-00C04F79EFBC}") = "quant-core-algoTest", "quant-core-algoTest\quant-core-algoTest.csproj", "{F1A98C2A-8269-4FC8-AFBD-C0FD40555946}"
EndProject
Global
	GlobalSection(SolutionConfigurationPlatforms) = preSolution
		Debug|Any CPU = Debug|Any CPU
		Release|Any CPU = Release|Any CPU
	EndGlobalSection
	GlobalSection(ProjectConfigurationPlatforms) = postSolution
		{AB8B7165-924C-49E1-96F9-2E66C4AF32EE}.Debug|Any CPU.ActiveCfg = Debug|Any CPU
		{AB8B7165-924C-49E1-96F9-2E66C4AF32EE}.Debug|Any CPU.Build.0 = Debug|Any CPU
		{AB8B7165-924C-49E1-96F9-2E66C4AF32EE}.Release|Any CPU.ActiveCfg = Release|Any CPU
		{AB8B7165-924C-49E1-96F9-2E66C4AF32EE}.Release|Any CPU.Build.0 = Release|Any CPU
		{F1A98C2A-8269-4FC8-AFBD-C0FD40555946}.Debug|Any CPU.ActiveCfg = Debug|Any CPU
		{F1A98C2A-8269-4FC8-AFBD-C0FD40555946}.Debug|Any CPU.Build.0 = Debug|Any CPU
		{F1A98C2A-8269-4FC8-AFBD-C0FD40555946}.Release|Any CPU.ActiveCfg = Release|Any CPU
		{F1A98C2A-8269-4FC8-AFBD-C0FD40555946}.Release|Any CPU.Build.0 = Release|Any CPU
	EndGlobalSection
	GlobalSection(SolutionProperties) = preSolution
		HideSolutionNode = FALSE
	EndGlobalSection
EndGlobal
